// !$*UTF8*$!
{
	archiveVersion = 1;
	classes = {
	};
	objectVersion = 56;
	objects = {

/* Begin PBXBuildFile section */
		564B6B162939F78C003F1D0C /* iFlyDroneApp.swift in Sources */ = {isa = PBXBuildFile; fileRef = 564B6B152939F78C003F1D0C /* iFlyDroneApp.swift */; };
		564B6B182939F78C003F1D0C /* ContentView.swift in Sources */ = {isa = PBXBuildFile; fileRef = 564B6B172939F78C003F1D0C /* ContentView.swift */; };
		564B6B1A2939F78D003F1D0C /* Assets.xcassets in Resources */ = {isa = PBXBuildFile; fileRef = 564B6B192939F78D003F1D0C /* Assets.xcassets */; };
		564B6B1D2939F78D003F1D0C /* Preview Assets.xcassets in Resources */ = {isa = PBXBuildFile; fileRef = 564B6B1C2939F78D003F1D0C /* Preview Assets.xcassets */; };
		564B6B242939FF25003F1D0C /* ViewModel.swift in Sources */ = {isa = PBXBuildFile; fileRef = 564B6B232939FF25003F1D0C /* ViewModel.swift */; };
		564B6B28293A000A003F1D0C /* Sensor.swift in Sources */ = {isa = PBXBuildFile; fileRef = 564B6B27293A000A003F1D0C /* Sensor.swift */; };
		564DDFB0297570A300DBB55F /* Papierkorb.swift in Sources */ = {isa = PBXBuildFile; fileRef = 564DDFAF297570A300DBB55F /* Papierkorb.swift */; };
		564DDFB22977E48500DBB55F /* ConnectionVideo.swift in Sources */ = {isa = PBXBuildFile; fileRef = 564DDFB12977E48500DBB55F /* ConnectionVideo.swift */; };
		565290662970186B00205B9C /* Connection.swift in Sources */ = {isa = PBXBuildFile; fileRef = 565290652970186B00205B9C /* Connection.swift */; };
/* End PBXBuildFile section */

/* Begin PBXFileReference section */
		564B6B122939F78C003F1D0C /* iFlyDrone.app */ = {isa = PBXFileReference; explicitFileType = wrapper.application; includeInIndex = 0; path = iFlyDrone.app; sourceTree = BUILT_PRODUCTS_DIR; };
		564B6B152939F78C003F1D0C /* iFlyDroneApp.swift */ = {isa = PBXFileReference; lastKnownFileType = sourcecode.swift; path = iFlyDroneApp.swift; sourceTree = "<group>"; };
		564B6B172939F78C003F1D0C /* ContentView.swift */ = {isa = PBXFileReference; lastKnownFileType = sourcecode.swift; path = ContentView.swift; sourceTree = "<group>"; };
		564B6B192939F78D003F1D0C /* Assets.xcassets */ = {isa = PBXFileReference; lastKnownFileType = folder.assetcatalog; path = Assets.xcassets; sourceTree = "<group>"; };
		564B6B1C2939F78D003F1D0C /* Preview Assets.xcassets */ = {isa = PBXFileReference; lastKnownFileType = folder.assetcatalog; path = "Preview Assets.xcassets"; sourceTree = "<group>"; };
		564B6B232939FF25003F1D0C /* ViewModel.swift */ = {isa = PBXFileReference; lastKnownFileType = sourcecode.swift; path = ViewModel.swift; sourceTree = "<group>"; };
		564B6B27293A000A003F1D0C /* Sensor.swift */ = {isa = PBXFileReference; lastKnownFileType = sourcecode.swift; path = Sensor.swift; sourceTree = "<group>"; };
		564DDFAF297570A300DBB55F /* Papierkorb.swift */ = {isa = PBXFileReference; lastKnownFileType = sourcecode.swift; path = Papierkorb.swift; sourceTree = "<group>"; };
		564DDFB12977E48500DBB55F /* ConnectionVideo.swift */ = {isa = PBXFileReference; lastKnownFileType = sourcecode.swift; path = ConnectionVideo.swift; sourceTree = "<group>"; };
		565290652970186B00205B9C /* Connection.swift */ = {isa = PBXFileReference; lastKnownFileType = sourcecode.swift; path = Connection.swift; sourceTree = "<group>"; };
/* End PBXFileReference section */

/* Begin PBXFrameworksBuildPhase section */
		564B6B0F2939F78C003F1D0C /* Frameworks */ = {
			isa = PBXFrameworksBuildPhase;
			buildActionMask = 2147483647;
			files = (
			);
			runOnlyForDeploymentPostprocessing = 0;
		};
/* End PBXFrameworksBuildPhase section */

/* Begin PBXGroup section */
		564B6B092939F78C003F1D0C = {
			isa = PBXGroup;
			children = (
				564B6B142939F78C003F1D0C /* iFlyDrone */,
				564B6B132939F78C003F1D0C /* Products */,
			);
			sourceTree = "<group>";
		};
		564B6B132939F78C003F1D0C /* Products */ = {
			isa = PBXGroup;
			children = (
				564B6B122939F78C003F1D0C /* iFlyDrone.app */,
			);
			name = Products;
			sourceTree = "<group>";
		};
		564B6B142939F78C003F1D0C /* iFlyDrone */ = {
			isa = PBXGroup;
			children = (
				564B6B172939F78C003F1D0C /* ContentView.swift */,
				564B6B232939FF25003F1D0C /* ViewModel.swift */,
				564B6B27293A000A003F1D0C /* Sensor.swift */,
				565290652970186B00205B9C /* Connection.swift */,
				564DDFB12977E48500DBB55F /* ConnectionVideo.swift */,
				564B6B152939F78C003F1D0C /* iFlyDroneApp.swift */,
				564DDFAF297570A300DBB55F /* Papierkorb.swift */,
				564B6B192939F78D003F1D0C /* Assets.xcassets */,
				564B6B1B2939F78D003F1D0C /* Preview Content */,
			);
			path = iFlyDrone;
			sourceTree = "<group>";
		};
		564B6B1B2939F78D003F1D0C /* Preview Content */ = {
			isa = PBXGroup;
			children = (
				564B6B1C2939F78D003F1D0C /* Preview Assets.xcassets */,
			);
			path = "Preview Content";
			sourceTree = "<group>";
		};
/* End PBXGroup section */

/* Begin PBXNativeTarget section */
		564B6B112939F78C003F1D0C /* iFlyDrone */ = {
			isa = PBXNativeTarget;
			buildConfigurationList = 564B6B202939F78D003F1D0C /* Build configuration list for PBXNativeTarget "iFlyDrone" */;
			buildPhases = (
				564B6B0E2939F78C003F1D0C /* Sources */,
				564B6B0F2939F78C003F1D0C /* Frameworks */,
				564B6B102939F78C003F1D0C /* Resources */,
			);
			buildRules = (
			);
			dependencies = (
			);
			name = iFlyDrone;
			productName = iFlyDrone;
			productReference = 564B6B122939F78C003F1D0C /* iFlyDrone.app */;
			productType = "com.apple.product-type.application";
		};
/* End PBXNativeTarget section */

/* Begin PBXProject section */
		564B6B0A2939F78C003F1D0C /* Project object */ = {
			isa = PBXProject;
			attributes = {
				BuildIndependentTargetsInParallel = 1;
				LastSwiftUpdateCheck = 1410;
				LastUpgradeCheck = 1410;
				TargetAttributes = {
					564B6B112939F78C003F1D0C = {
						CreatedOnToolsVersion = 14.1;
					};
				};
			};
			buildConfigurationList = 564B6B0D2939F78C003F1D0C /* Build configuration list for PBXProject "iFlyDrone" */;
			compatibilityVersion = "Xcode 14.0";
			developmentRegion = en;
			hasScannedForEncodings = 0;
			knownRegions = (
				en,
				Base,
			);
			mainGroup = 564B6B092939F78C003F1D0C;
			productRefGroup = 564B6B132939F78C003F1D0C /* Products */;
			projectDirPath = "";
			projectRoot = "";
			targets = (
				564B6B112939F78C003F1D0C /* iFlyDrone */,
			);
		};
/* End PBXProject section */

/* Begin PBXResourcesBuildPhase section */
		564B6B102939F78C003F1D0C /* Resources */ = {
			isa = PBXResourcesBuildPhase;
			buildActionMask = 2147483647;
			files = (
				564B6B1D2939F78D003F1D0C /* Preview Assets.xcassets in Resources */,
				564B6B1A2939F78D003F1D0C /* Assets.xcassets in Resources */,
			);
			runOnlyForDeploymentPostprocessing = 0;
		};
/* End PBXResourcesBuildPhase section */

/* Begin PBXSourcesBuildPhase section */
		564B6B0E2939F78C003F1D0C /* Sources */ = {
			isa = PBXSourcesBuildPhase;
			buildActionMask = 2147483647;
			files = (
				564B6B28293A000A003F1D0C /* Sensor.swift in Sources */,
				564B6B182939F78C003F1D0C /* ContentView.swift in Sources */,
				564DDFB0297570A300DBB55F /* Papierkorb.swift in Sources */,
				564B6B242939FF25003F1D0C /* ViewModel.swift in Sources */,
				564DDFB22977E48500DBB55F /* ConnectionVideo.swift in Sources */,
				564B6B162939F78C003F1D0C /* iFlyDroneApp.swift in Sources */,
				565290662970186B00205B9C /* Connection.swift in Sources */,
			);
			runOnlyForDeploymentPostprocessing = 0;
		};
/* End PBXSourcesBuildPhase section */

/* Begin XCBuildConfiguration section */
		564B6B1E2939F78D003F1D0C /* Debug */ = {
			isa = XCBuildConfiguration;
			buildSettings = {
				ALWAYS_SEARCH_USER_PATHS = NO;
				CLANG_ANALYZER_NONNULL = YES;
				CLANG_ANALYZER_NUMBER_OBJECT_CONVERSION = YES_AGGRESSIVE;
				CLANG_CXX_LANGUAGE_STANDARD = "gnu++20";
				CLANG_ENABLE_MODULES = YES;
				CLANG_ENABLE_OBJC_ARC = YES;
				CLANG_ENABLE_OBJC_WEAK = YES;
				CLANG_WARN_BLOCK_CAPTURE_AUTORELEASING = YES;
				CLANG_WARN_BOOL_CONVERSION = YES;
				CLANG_WARN_COMMA = YES;
				CLANG_WARN_CONSTANT_CONVERSION = YES;
				CLANG_WARN_DEPRECATED_OBJC_IMPLEMENTATIONS = YES;
				CLANG_WARN_DIRECT_OBJC_ISA_USAGE = YES_ERROR;
				CLANG_WARN_DOCUMENTATION_COMMENTS = YES;
				CLANG_WARN_EMPTY_BODY = YES;
				CLANG_WARN_ENUM_CONVERSION = YES;
				CLANG_WARN_INFINITE_RECURSION = YES;
				CLANG_WARN_INT_CONVERSION = YES;
				CLANG_WARN_NON_LITERAL_NULL_CONVERSION = YES;
				CLANG_WARN_OBJC_IMPLICIT_RETAIN_SELF = YES;
				CLANG_WARN_OBJC_LITERAL_CONVERSION = YES;
				CLANG_WARN_OBJC_ROOT_CLASS = YES_ERROR;
				CLANG_WARN_QUOTED_INCLUDE_IN_FRAMEWORK_HEADER = YES;
				CLANG_WARN_RANGE_LOOP_ANALYSIS = YES;
				CLANG_WARN_STRICT_PROTOTYPES = YES;
				CLANG_WARN_SUSPICIOUS_MOVE = YES;
				CLANG_WARN_UNGUARDED_AVAILABILITY = YES_AGGRESSIVE;
				CLANG_WARN_UNREACHABLE_CODE = YES;
				CLANG_WARN__DUPLICATE_METHOD_MATCH = YES;
				COPY_PHASE_STRIP = NO;
				DEBUG_INFORMATION_FORMAT = dwarf;
				ENABLE_STRICT_OBJC_MSGSEND = YES;
				ENABLE_TESTABILITY = YES;
				GCC_C_LANGUAGE_STANDARD = gnu11;
				GCC_DYNAMIC_NO_PIC = NO;
				GCC_NO_COMMON_BLOCKS = YES;
				GCC_OPTIMIZATION_LEVEL = 0;
				GCC_PREPROCESSOR_DEFINITIONS = (
					"DEBUG=1",
					"$(inherited)",
				);
				GCC_WARN_64_TO_32_BIT_CONVERSION = YES;
				GCC_WARN_ABOUT_RETURN_TYPE = YES_ERROR;
				GCC_WARN_UNDECLARED_SELECTOR = YES;
				GCC_WARN_UNINITIALIZED_AUTOS = YES_AGGRESSIVE;
				GCC_WARN_UNUSED_FUNCTION = YES;
				GCC_WARN_UNUSED_VARIABLE = YES;
				IPHONEOS_DEPLOYMENT_TARGET = 16.1;
				MTL_ENABLE_DEBUG_INFO = INCLUDE_SOURCE;
				MTL_FAST_MATH = YES;
				ONLY_ACTIVE_ARCH = YES;
				SDKROOT = iphoneos;
				SWIFT_ACTIVE_COMPILATION_CONDITIONS = DEBUG;
				SWIFT_OPTIMIZATION_LEVEL = "-Onone";
			};
			name = Debug;
		};
		564B6B1F2939F78D003F1D0C /* Release */ = {
			isa = XCBuildConfiguration;
			buildSettings = {
				ALWAYS_SEARCH_USER_PATHS = NO;
				CLANG_ANALYZER_NONNULL = YES;
				CLANG_ANALYZER_NUMBER_OBJECT_CONVERSION = YES_AGGRESSIVE;
				CLANG_CXX_LANGUAGE_STANDARD = "gnu++20";
				CLANG_ENABLE_MODULES = YES;
				CLANG_ENABLE_OBJC_ARC = YES;
				CLANG_ENABLE_OBJC_WEAK = YES;
				CLANG_WARN_BLOCK_CAPTURE_AUTORELEASING = YES;
				CLANG_WARN_BOOL_CONVERSION = YES;
				CLANG_WARN_COMMA = YES;
				CLANG_WARN_CONSTANT_CONVERSION = YES;
				CLANG_WARN_DEPRECATED_OBJC_IMPLEMENTATIONS = YES;
				CLANG_WARN_DIRECT_OBJC_ISA_USAGE = YES_ERROR;
				CLANG_WARN_DOCUMENTATION_COMMENTS = YES;
				CLANG_WARN_EMPTY_BODY = YES;
				CLANG_WARN_ENUM_CONVERSION = YES;
				CLANG_WARN_INFINITE_RECURSION = YES;
				CLANG_WARN_INT_CONVERSION = YES;
				CLANG_WARN_NON_LITERAL_NULL_CONVERSION = YES;
				CLANG_WARN_OBJC_IMPLICIT_RETAIN_SELF = YES;
				CLANG_WARN_OBJC_LITERAL_CONVERSION = YES;
				CLANG_WARN_OBJC_ROOT_CLASS = YES_ERROR;
				CLANG_WARN_QUOTED_INCLUDE_IN_FRAMEWORK_HEADER = YES;
				CLANG_WARN_RANGE_LOOP_ANALYSIS = YES;
				CLANG_WARN_STRICT_PROTOTYPES = YES;
				CLANG_WARN_SUSPICIOUS_MOVE = YES;
				CLANG_WARN_UNGUARDED_AVAILABILITY = YES_AGGRESSIVE;
				CLANG_WARN_UNREACHABLE_CODE = YES;
				CLANG_WARN__DUPLICATE_METHOD_MATCH = YES;
				COPY_PHASE_STRIP = NO;
				DEBUG_INFORMATION_FORMAT = "dwarf-with-dsym";
				ENABLE_NS_ASSERTIONS = NO;
				ENABLE_STRICT_OBJC_MSGSEND = YES;
				GCC_C_LANGUAGE_STANDARD = gnu11;
				GCC_NO_COMMON_BLOCKS = YES;
				GCC_WARN_64_TO_32_BIT_CONVERSION = YES;
				GCC_WARN_ABOUT_RETURN_TYPE = YES_ERROR;
				GCC_WARN_UNDECLARED_SELECTOR = YES;
				GCC_WARN_UNINITIALIZED_AUTOS = YES_AGGRESSIVE;
				GCC_WARN_UNUSED_FUNCTION = YES;
				GCC_WARN_UNUSED_VARIABLE = YES;
				IPHONEOS_DEPLOYMENT_TARGET = 16.1;
				MTL_ENABLE_DEBUG_INFO = NO;
				MTL_FAST_MATH = YES;
				SDKROOT = iphoneos;
				SWIFT_COMPILATION_MODE = wholemodule;
				SWIFT_OPTIMIZATION_LEVEL = "-O";
				VALIDATE_PRODUCT = YES;
			};
			name = Release;
		};
		564B6B212939F78D003F1D0C /* Debug */ = {
			isa = XCBuildConfiguration;
			buildSettings = {
				ASSETCATALOG_COMPILER_APPICON_NAME = AppIcon;
				ASSETCATALOG_COMPILER_GLOBAL_ACCENT_COLOR_NAME = AccentColor;
				CODE_SIGN_IDENTITY = "Apple Development";
				CODE_SIGN_STYLE = Automatic;
				CURRENT_PROJECT_VERSION = 1;
				DEVELOPMENT_ASSET_PATHS = "\"iFlyDrone/Preview Content\"";
				DEVELOPMENT_TEAM = Z95ND7B37U;
				ENABLE_PREVIEWS = YES;
				GENERATE_INFOPLIST_FILE = YES;
				INFOPLIST_KEY_UIApplicationSceneManifest_Generation = YES;
				INFOPLIST_KEY_UIApplicationSupportsIndirectInputEvents = YES;
				INFOPLIST_KEY_UILaunchScreen_Generation = YES;
				INFOPLIST_KEY_UISupportedInterfaceOrientations_iPad = "UIInterfaceOrientationPortrait UIInterfaceOrientationPortraitUpsideDown UIInterfaceOrientationLandscapeLeft UIInterfaceOrientationLandscapeRight";
				INFOPLIST_KEY_UISupportedInterfaceOrientations_iPhone = "UIInterfaceOrientationPortrait UIInterfaceOrientationLandscapeLeft UIInterfaceOrientationLandscapeRight";
				LD_RUNPATH_SEARCH_PATHS = (
					"$(inherited)",
					"@executable_path/Frameworks",
				);
				MARKETING_VERSION = 1.0;
				PRODUCT_BUNDLE_IDENTIFIER = iFlyDrone;
				PRODUCT_NAME = "$(TARGET_NAME)";
				PROVISIONING_PROFILE_SPECIFIER = "";
				SWIFT_EMIT_LOC_STRINGS = YES;
				SWIFT_VERSION = 5.0;
				TARGETED_DEVICE_FAMILY = "1,2";
			};
			name = Debug;
		};
		564B6B222939F78D003F1D0C /* Release */ = {
			isa = XCBuildConfiguration;
			buildSettings = {
				ASSETCATALOG_COMPILER_APPICON_NAME = AppIcon;
				ASSETCATALOG_COMPILER_GLOBAL_ACCENT_COLOR_NAME = AccentColor;
				CODE_SIGN_IDENTITY = "Apple Development";
				CODE_SIGN_STYLE = Automatic;
				CURRENT_PROJECT_VERSION = 1;
				DEVELOPMENT_ASSET_PATHS = "\"iFlyDrone/Preview Content\"";
				DEVELOPMENT_TEAM = Z95ND7B37U;
				ENABLE_PREVIEWS = YES;
				GENERATE_INFOPLIST_FILE = YES;
				INFOPLIST_KEY_UIApplicationSceneManifest_Generation = YES;
				INFOPLIST_KEY_UIApplicationSupportsIndirectInputEvents = YES;
				INFOPLIST_KEY_UILaunchScreen_Generation = YES;
				INFOPLIST_KEY_UISupportedInterfaceOrientations_iPad = "UIInterfaceOrientationPortrait UIInterfaceOrientationPortraitUpsideDown UIInterfaceOrientationLandscapeLeft UIInterfaceOrientationLandscapeRight";
				INFOPLIST_KEY_UISupportedInterfaceOrientations_iPhone = "UIInterfaceOrientationPortrait UIInterfaceOrientationLandscapeLeft UIInterfaceOrientationLandscapeRight";
				LD_RUNPATH_SEARCH_PATHS = (
					"$(inherited)",
					"@executable_path/Frameworks",
				);
				MARKETING_VERSION = 1.0;
				PRODUCT_BUNDLE_IDENTIFIER = iFlyDrone;
				PRODUCT_NAME = "$(TARGET_NAME)";
				PROVISIONING_PROFILE_SPECIFIER = "";
				SWIFT_EMIT_LOC_STRINGS = YES;
				SWIFT_VERSION = 5.0;
				TARGETED_DEVICE_FAMILY = "1,2";
			};
			name = Release;
		};
/* End XCBuildConfiguration section */

/* Begin XCConfigurationList section */
		564B6B0D2939F78C003F1D0C /* Build configuration list for PBXProject "iFlyDrone" */ = {
			isa = XCConfigurationList;
			buildConfigurations = (
				564B6B1E2939F78D003F1D0C /* Debug */,
				564B6B1F2939F78D003F1D0C /* Release */,
			);
			defaultConfigurationIsVisible = 0;
			defaultConfigurationName = Release;
		};
		564B6B202939F78D003F1D0C /* Build configuration list for PBXNativeTarget "iFlyDrone" */ = {
			isa = XCConfigurationList;
			buildConfigurations = (
				564B6B212939F78D003F1D0C /* Debug */,
				564B6B222939F78D003F1D0C /* Release */,
			);
			defaultConfigurationIsVisible = 0;
			defaultConfigurationName = Release;
		};
/* End XCConfigurationList section */
	};
	rootObject = 564B6B0A2939F78C003F1D0C /* Project object */;
}
